// !$*UTF8*$!
{
	archiveVersion = 1;
	classes = {
	};
	objectVersion = 50;
	objects = {

/* Begin PBXBuildFile section */
		740BB8BE25B58CF100E068D3 /* AddNote.swift in Sources */ = {isa = PBXBuildFile; fileRef = 740BB8BD25B58CF100E068D3 /* AddNote.swift */; };
		7445C27325B6FE2800B4A487 /* NoteExtension.swift in Sources */ = {isa = PBXBuildFile; fileRef = 7445C27225B6FE2800B4A487 /* NoteExtension.swift */; };
		7445C27825B7007600B4A487 /* ToggleStyle.swift in Sources */ = {isa = PBXBuildFile; fileRef = 7445C27725B7007600B4A487 /* ToggleStyle.swift */; };
		74B6FEE125B537C50051035B /* NotesApp.swift in Sources */ = {isa = PBXBuildFile; fileRef = 74B6FEE025B537C50051035B /* NotesApp.swift */; };
		74B6FEE325B537C50051035B /* ContentView.swift in Sources */ = {isa = PBXBuildFile; fileRef = 74B6FEE225B537C50051035B /* ContentView.swift */; };
		74B6FEE525B537C80051035B /* Assets.xcassets in Resources */ = {isa = PBXBuildFile; fileRef = 74B6FEE425B537C80051035B /* Assets.xcassets */; };
		74B6FEE825B537C80051035B /* Preview Assets.xcassets in Resources */ = {isa = PBXBuildFile; fileRef = 74B6FEE725B537C80051035B /* Preview Assets.xcassets */; };
		74C4156925B53BDA008F3B5A /* NoteRow.swift in Sources */ = {isa = PBXBuildFile; fileRef = 74C4156825B53BDA008F3B5A /* NoteRow.swift */; };
		74C4157E25B54413008F3B5A /* Notes.xcdatamodeld in Sources */ = {isa = PBXBuildFile; fileRef = 74C4157C25B54413008F3B5A /* Notes.xcdatamodeld */; };
/* End PBXBuildFile section */

/* Begin PBXFileReference section */
		740BB8BD25B58CF100E068D3 /* AddNote.swift */ = {isa = PBXFileReference; lastKnownFileType = sourcecode.swift; path = AddNote.swift; sourceTree = "<group>"; };
		7445C27225B6FE2800B4A487 /* NoteExtension.swift */ = {isa = PBXFileReference; lastKnownFileType = sourcecode.swift; path = NoteExtension.swift; sourceTree = "<group>"; };
		7445C27725B7007600B4A487 /* ToggleStyle.swift */ = {isa = PBXFileReference; lastKnownFileType = sourcecode.swift; path = ToggleStyle.swift; sourceTree = "<group>"; };
		74B6FEDD25B537C50051035B /* Notes.app */ = {isa = PBXFileReference; explicitFileType = wrapper.application; includeInIndex = 0; path = Notes.app; sourceTree = BUILT_PRODUCTS_DIR; };
		74B6FEE025B537C50051035B /* NotesApp.swift */ = {isa = PBXFileReference; lastKnownFileType = sourcecode.swift; path = NotesApp.swift; sourceTree = "<group>"; };
		74B6FEE225B537C50051035B /* ContentView.swift */ = {isa = PBXFileReference; lastKnownFileType = sourcecode.swift; path = ContentView.swift; sourceTree = "<group>"; };
		74B6FEE425B537C80051035B /* Assets.xcassets */ = {isa = PBXFileReference; lastKnownFileType = folder.assetcatalog; path = Assets.xcassets; sourceTree = "<group>"; };
		74B6FEE725B537C80051035B /* Preview Assets.xcassets */ = {isa = PBXFileReference; lastKnownFileType = folder.assetcatalog; path = "Preview Assets.xcassets"; sourceTree = "<group>"; };
		74B6FEE925B537C80051035B /* Info.plist */ = {isa = PBXFileReference; lastKnownFileType = text.plist.xml; path = Info.plist; sourceTree = "<group>"; };
		74C4156825B53BDA008F3B5A /* NoteRow.swift */ = {isa = PBXFileReference; lastKnownFileType = sourcecode.swift; path = NoteRow.swift; sourceTree = "<group>"; };
		74C4157D25B54413008F3B5A /* Notes.xcdatamodel */ = {isa = PBXFileReference; lastKnownFileType = wrapper.xcdatamodel; path = Notes.xcdatamodel; sourceTree = "<group>"; };
/* End PBXFileReference section */

/* Begin PBXFrameworksBuildPhase section */
		74B6FEDA25B537C50051035B /* Frameworks */ = {
			isa = PBXFrameworksBuildPhase;
			buildActionMask = 2147483647;
			files = (
			);
			runOnlyForDeploymentPostprocessing = 0;
		};
/* End PBXFrameworksBuildPhase section */

/* Begin PBXGroup section */
		7445C27625B7006500B4A487 /* Styles */ = {
			isa = PBXGroup;
			children = (
				7445C27725B7007600B4A487 /* ToggleStyle.swift */,
			);
			path = Styles;
			sourceTree = "<group>";
		};
		74B6FED425B537C50051035B = {
			isa = PBXGroup;
			children = (
				74B6FEDF25B537C50051035B /* Notes */,
				74B6FEDE25B537C50051035B /* Products */,
			);
			sourceTree = "<group>";
		};
		74B6FEDE25B537C50051035B /* Products */ = {
			isa = PBXGroup;
			children = (
				74B6FEDD25B537C50051035B /* Notes.app */,
			);
			name = Products;
			sourceTree = "<group>";
		};
		74B6FEDF25B537C50051035B /* Notes */ = {
			isa = PBXGroup;
			children = (
				7445C27625B7006500B4A487 /* Styles */,
				74B6FEF225B537ED0051035B /* ViewModels */,
				74B6FEF125B537E40051035B /* Views */,
				74B6FEF025B537D80051035B /* Models */,
				74B6FEE025B537C50051035B /* NotesApp.swift */,
				74B6FEE425B537C80051035B /* Assets.xcassets */,
				74B6FEE925B537C80051035B /* Info.plist */,
				74B6FEE625B537C80051035B /* Preview Content */,
				74C4157C25B54413008F3B5A /* Notes.xcdatamodeld */,
			);
			path = Notes;
			sourceTree = "<group>";
		};
		74B6FEE625B537C80051035B /* Preview Content */ = {
			isa = PBXGroup;
			children = (
				74B6FEE725B537C80051035B /* Preview Assets.xcassets */,
			);
			path = "Preview Content";
			sourceTree = "<group>";
		};
		74B6FEF025B537D80051035B /* Models */ = {
			isa = PBXGroup;
			children = (
				7445C27225B6FE2800B4A487 /* NoteExtension.swift */,
			);
			path = Models;
			sourceTree = "<group>";
		};
		74B6FEF125B537E40051035B /* Views */ = {
			isa = PBXGroup;
			children = (
				74B6FEE225B537C50051035B /* ContentView.swift */,
				74C4156825B53BDA008F3B5A /* NoteRow.swift */,
				740BB8BD25B58CF100E068D3 /* AddNote.swift */,
			);
			path = Views;
			sourceTree = "<group>";
		};
		74B6FEF225B537ED0051035B /* ViewModels */ = {
			isa = PBXGroup;
			children = (
			);
			path = ViewModels;
			sourceTree = "<group>";
		};
/* End PBXGroup section */

/* Begin PBXNativeTarget section */
		74B6FEDC25B537C50051035B /* Notes */ = {
			isa = PBXNativeTarget;
			buildConfigurationList = 74B6FEEC25B537C80051035B /* Build configuration list for PBXNativeTarget "Notes" */;
			buildPhases = (
				74B6FED925B537C50051035B /* Sources */,
				74B6FEDA25B537C50051035B /* Frameworks */,
				74B6FEDB25B537C50051035B /* Resources */,
			);
			buildRules = (
			);
			dependencies = (
			);
			name = Notes;
			productName = Notes;
			productReference = 74B6FEDD25B537C50051035B /* Notes.app */;
			productType = "com.apple.product-type.application";
		};
/* End PBXNativeTarget section */

/* Begin PBXProject section */
		74B6FED525B537C50051035B /* Project object */ = {
			isa = PBXProject;
			attributes = {
				LastSwiftUpdateCheck = 1230;
				LastUpgradeCheck = 1230;
				TargetAttributes = {
					74B6FEDC25B537C50051035B = {
						CreatedOnToolsVersion = 12.3;
					};
				};
			};
			buildConfigurationList = 74B6FED825B537C50051035B /* Build configuration list for PBXProject "Notes" */;
			compatibilityVersion = "Xcode 9.3";
			developmentRegion = en;
			hasScannedForEncodings = 0;
			knownRegions = (
				en,
				Base,
			);
			mainGroup = 74B6FED425B537C50051035B;
			productRefGroup = 74B6FEDE25B537C50051035B /* Products */;
			projectDirPath = "";
			projectRoot = "";
			targets = (
				74B6FEDC25B537C50051035B /* Notes */,
			);
		};
/* End PBXProject section */

/* Begin PBXResourcesBuildPhase section */
		74B6FEDB25B537C50051035B /* Resources */ = {
			isa = PBXResourcesBuildPhase;
			buildActionMask = 2147483647;
			files = (
				74B6FEE825B537C80051035B /* Preview Assets.xcassets in Resources */,
				74B6FEE525B537C80051035B /* Assets.xcassets in Resources */,
			);
			runOnlyForDeploymentPostprocessing = 0;
		};
/* End PBXResourcesBuildPhase section */

/* Begin PBXSourcesBuildPhase section */
		74B6FED925B537C50051035B /* Sources */ = {
			isa = PBXSourcesBuildPhase;
			buildActionMask = 2147483647;
			files = (
				740BB8BE25B58CF100E068D3 /* AddNote.swift in Sources */,
				7445C27325B6FE2800B4A487 /* NoteExtension.swift in Sources */,
				74B6FEE325B537C50051035B /* ContentView.swift in Sources */,
				74B6FEE125B537C50051035B /* NotesApp.swift in Sources */,
				74C4156925B53BDA008F3B5A /* NoteRow.swift in Sources */,
				7445C27825B7007600B4A487 /* ToggleStyle.swift in Sources */,
				74C4157E25B54413008F3B5A /* Notes.xcdatamodeld in Sources */,
			);
			runOnlyForDeploymentPostprocessing = 0;
		};
/* End PBXSourcesBuildPhase section */

/* Begin XCBuildConfiguration section */
		74B6FEEA25B537C80051035B /* Debug */ = {
			isa = XCBuildConfiguration;
			buildSettings = {
				ALWAYS_SEARCH_USER_PATHS = NO;
				CLANG_ANALYZER_NONNULL = YES;
				CLANG_ANALYZER_NUMBER_OBJECT_CONVERSION = YES_AGGRESSIVE;
				CLANG_CXX_LANGUAGE_STANDARD = "gnu++14";
				CLANG_CXX_LIBRARY = "libc++";
				CLANG_ENABLE_MODULES = YES;
				CLANG_ENABLE_OBJC_ARC = YES;
				CLANG_ENABLE_OBJC_WEAK = YES;
				CLANG_WARN_BLOCK_CAPTURE_AUTORELEASING = YES;
				CLANG_WARN_BOOL_CONVERSION = YES;
				CLANG_WARN_COMMA = YES;
				CLANG_WARN_CONSTANT_CONVERSION = YES;
				CLANG_WARN_DEPRECATED_OBJC_IMPLEMENTATIONS = YES;
				CLANG_WARN_DIRECT_OBJC_ISA_USAGE = YES_ERROR;
				CLANG_WARN_DOCUMENTATION_COMMENTS = YES;
				CLANG_WARN_EMPTY_BODY = YES;
				CLANG_WARN_ENUM_CONVERSION = YES;
				CLANG_WARN_INFINITE_RECURSION = YES;
				CLANG_WARN_INT_CONVERSION = YES;
				CLANG_WARN_NON_LITERAL_NULL_CONVERSION = YES;
				CLANG_WARN_OBJC_IMPLICIT_RETAIN_SELF = YES;
				CLANG_WARN_OBJC_LITERAL_CONVERSION = YES;
				CLANG_WARN_OBJC_ROOT_CLASS = YES_ERROR;
				CLANG_WARN_QUOTED_INCLUDE_IN_FRAMEWORK_HEADER = YES;
				CLANG_WARN_RANGE_LOOP_ANALYSIS = YES;
				CLANG_WARN_STRICT_PROTOTYPES = YES;
				CLANG_WARN_SUSPICIOUS_MOVE = YES;
				CLANG_WARN_UNGUARDED_AVAILABILITY = YES_AGGRESSIVE;
				CLANG_WARN_UNREACHABLE_CODE = YES;
				CLANG_WARN__DUPLICATE_METHOD_MATCH = YES;
				COPY_PHASE_STRIP = NO;
				DEBUG_INFORMATION_FORMAT = dwarf;
				ENABLE_STRICT_OBJC_MSGSEND = YES;
				ENABLE_TESTABILITY = YES;
				GCC_C_LANGUAGE_STANDARD = gnu11;
				GCC_DYNAMIC_NO_PIC = NO;
				GCC_NO_COMMON_BLOCKS = YES;
				GCC_OPTIMIZATION_LEVEL = 0;
				GCC_PREPROCESSOR_DEFINITIONS = (
					"DEBUG=1",
					"$(inherited)",
				);
				GCC_WARN_64_TO_32_BIT_CONVERSION = YES;
				GCC_WARN_ABOUT_RETURN_TYPE = YES_ERROR;
				GCC_WARN_UNDECLARED_SELECTOR = YES;
				GCC_WARN_UNINITIALIZED_AUTOS = YES_AGGRESSIVE;
				GCC_WARN_UNUSED_FUNCTION = YES;
				GCC_WARN_UNUSED_VARIABLE = YES;
				IPHONEOS_DEPLOYMENT_TARGET = 14.3;
				MTL_ENABLE_DEBUG_INFO = INCLUDE_SOURCE;
				MTL_FAST_MATH = YES;
				ONLY_ACTIVE_ARCH = YES;
				SDKROOT = iphoneos;
				SWIFT_ACTIVE_COMPILATION_CONDITIONS = DEBUG;
				SWIFT_OPTIMIZATION_LEVEL = "-Onone";
			};
			name = Debug;
		};
		74B6FEEB25B537C80051035B /* Release */ = {
			isa = XCBuildConfiguration;
			buildSettings = {
				ALWAYS_SEARCH_USER_PATHS = NO;
				CLANG_ANALYZER_NONNULL = YES;
				CLANG_ANALYZER_NUMBER_OBJECT_CONVERSION = YES_AGGRESSIVE;
				CLANG_CXX_LANGUAGE_STANDARD = "gnu++14";
				CLANG_CXX_LIBRARY = "libc++";
				CLANG_ENABLE_MODULES = YES;
				CLANG_ENABLE_OBJC_ARC = YES;
				CLANG_ENABLE_OBJC_WEAK = YES;
				CLANG_WARN_BLOCK_CAPTURE_AUTORELEASING = YES;
				CLANG_WARN_BOOL_CONVERSION = YES;
				CLANG_WARN_COMMA = YES;
				CLANG_WARN_CONSTANT_CONVERSION = YES;
				CLANG_WARN_DEPRECATED_OBJC_IMPLEMENTATIONS = YES;
				CLANG_WARN_DIRECT_OBJC_ISA_USAGE = YES_ERROR;
				CLANG_WARN_DOCUMENTATION_COMMENTS = YES;
				CLANG_WARN_EMPTY_BODY = YES;
				CLANG_WARN_ENUM_CONVERSION = YES;
				CLANG_WARN_INFINITE_RECURSION = YES;
				CLANG_WARN_INT_CONVERSION = YES;
				CLANG_WARN_NON_LITERAL_NULL_CONVERSION = YES;
				CLANG_WARN_OBJC_IMPLICIT_RETAIN_SELF = YES;
				CLANG_WARN_OBJC_LITERAL_CONVERSION = YES;
				CLANG_WARN_OBJC_ROOT_CLASS = YES_ERROR;
				CLANG_WARN_QUOTED_INCLUDE_IN_FRAMEWORK_HEADER = YES;
				CLANG_WARN_RANGE_LOOP_ANALYSIS = YES;
				CLANG_WARN_STRICT_PROTOTYPES = YES;
				CLANG_WARN_SUSPICIOUS_MOVE = YES;
				CLANG_WARN_UNGUARDED_AVAILABILITY = YES_AGGRESSIVE;
				CLANG_WARN_UNREACHABLE_CODE = YES;
				CLANG_WARN__DUPLICATE_METHOD_MATCH = YES;
				COPY_PHASE_STRIP = NO;
				DEBUG_INFORMATION_FORMAT = "dwarf-with-dsym";
				ENABLE_NS_ASSERTIONS = NO;
				ENABLE_STRICT_OBJC_MSGSEND = YES;
				GCC_C_LANGUAGE_STANDARD = gnu11;
				GCC_NO_COMMON_BLOCKS = YES;
				GCC_WARN_64_TO_32_BIT_CONVERSION = YES;
				GCC_WARN_ABOUT_RETURN_TYPE = YES_ERROR;
				GCC_WARN_UNDECLARED_SELECTOR = YES;
				GCC_WARN_UNINITIALIZED_AUTOS = YES_AGGRESSIVE;
				GCC_WARN_UNUSED_FUNCTION = YES;
				GCC_WARN_UNUSED_VARIABLE = YES;
				IPHONEOS_DEPLOYMENT_TARGET = 14.3;
				MTL_ENABLE_DEBUG_INFO = NO;
				MTL_FAST_MATH = YES;
				SDKROOT = iphoneos;
				SWIFT_COMPILATION_MODE = wholemodule;
				SWIFT_OPTIMIZATION_LEVEL = "-O";
				VALIDATE_PRODUCT = YES;
			};
			name = Release;
		};
		74B6FEED25B537C80051035B /* Debug */ = {
			isa = XCBuildConfiguration;
			buildSettings = {
				ASSETCATALOG_COMPILER_APPICON_NAME = AppIcon;
				ASSETCATALOG_COMPILER_GLOBAL_ACCENT_COLOR_NAME = AccentColor;
				CODE_SIGN_STYLE = Automatic;
				DEVELOPMENT_ASSET_PATHS = "\"Notes/Preview Content\"";
				DEVELOPMENT_TEAM = 3VF2NCMJXG;
				ENABLE_PREVIEWS = YES;
				INFOPLIST_FILE = Notes/Info.plist;
				IPHONEOS_DEPLOYMENT_TARGET = 14.0;
				LD_RUNPATH_SEARCH_PATHS = (
					"$(inherited)",
					"@executable_path/Frameworks",
				);
				PRODUCT_BUNDLE_IDENTIFIER = com.zazzaze.Notes;
				PRODUCT_NAME = "$(TARGET_NAME)";
				SWIFT_VERSION = 5.0;
				TARGETED_DEVICE_FAMILY = "1,2";
			};
			name = Debug;
		};
		74B6FEEE25B537C80051035B /* Release */ = {
			isa = XCBuildConfiguration;
			buildSettings = {
				ASSETCATALOG_COMPILER_APPICON_NAME = AppIcon;
				ASSETCATALOG_COMPILER_GLOBAL_ACCENT_COLOR_NAME = AccentColor;
				CODE_SIGN_STYLE = Automatic;
				DEVELOPMENT_ASSET_PATHS = "\"Notes/Preview Content\"";
				DEVELOPMENT_TEAM = 3VF2NCMJXG;
				ENABLE_PREVIEWS = YES;
				INFOPLIST_FILE = Notes/Info.plist;
				IPHONEOS_DEPLOYMENT_TARGET = 14.0;
				LD_RUNPATH_SEARCH_PATHS = (
					"$(inherited)",
					"@executable_path/Frameworks",
				);
				PRODUCT_BUNDLE_IDENTIFIER = com.zazzaze.Notes;
				PRODUCT_NAME = "$(TARGET_NAME)";
				SWIFT_VERSION = 5.0;
				TARGETED_DEVICE_FAMILY = "1,2";
			};
			name = Release;
		};
/* End XCBuildConfiguration section */

/* Begin XCConfigurationList section */
		74B6FED825B537C50051035B /* Build configuration list for PBXProject "Notes" */ = {
			isa = XCConfigurationList;
			buildConfigurations = (
				74B6FEEA25B537C80051035B /* Debug */,
				74B6FEEB25B537C80051035B /* Release */,
			);
			defaultConfigurationIsVisible = 0;
			defaultConfigurationName = Release;
		};
		74B6FEEC25B537C80051035B /* Build configuration list for PBXNativeTarget "Notes" */ = {
			isa = XCConfigurationList;
			buildConfigurations = (
				74B6FEED25B537C80051035B /* Debug */,
				74B6FEEE25B537C80051035B /* Release */,
			);
			defaultConfigurationIsVisible = 0;
			defaultConfigurationName = Release;
		};
/* End XCConfigurationList section */

/* Begin XCVersionGroup section */
		74C4157C25B54413008F3B5A /* Notes.xcdatamodeld */ = {
			isa = XCVersionGroup;
			children = (
				74C4157D25B54413008F3B5A /* Notes.xcdatamodel */,
			);
			currentVersion = 74C4157D25B54413008F3B5A /* Notes.xcdatamodel */;
			path = Notes.xcdatamodeld;
			sourceTree = "<group>";
			versionGroupType = wrapper.xcdatamodel;
		};
/* End XCVersionGroup section */
	};
	rootObject = 74B6FED525B537C50051035B /* Project object */;
}
